
Microsoft Visual Studio Solution File, Format Version 12.00
# Visual Studio 15
Project("{FAE04EC0-301F-11D3-BF4B-00C04F79EFBC}") = "Assembly-CSharp", "Assembly-CSharp.csproj", "{DBAF4138-CE9F-443C-554F-89A4220F16BF}"
EndProject
Project("{FAE04EC0-301F-11D3-BF4B-00C04F79EFBC}") = "Assembly-CSharp-Editor", "Assembly-CSharp-Editor.csproj", "{A2813CB4-2250-A230-0BD0-1EEF3D597542}"
EndProject
Global
	GlobalSection(SolutionConfigurationPlatforms) = preSolution
		Debug|Any CPU = Debug|Any CPU
		Release|Any CPU = Release|Any CPU
	EndGlobalSection
	GlobalSection(ProjectConfigurationPlatforms) = postSolution
		{DBAF4138-CE9F-443C-554F-89A4220F16BF}.Debug|Any CPU.ActiveCfg = Debug|Any CPU
		{DBAF4138-CE9F-443C-554F-89A4220F16BF}.Debug|Any CPU.Build.0 = Debug|Any CPU
		{DBAF4138-CE9F-443C-554F-89A4220F16BF}.Release|Any CPU.ActiveCfg = Release|Any CPU
		{DBAF4138-CE9F-443C-554F-89A4220F16BF}.Release|Any CPU.Build.0 = Release|Any CPU
		{A2813CB4-2250-A230-0BD0-1EEF3D597542}.Debug|Any CPU.ActiveCfg = Debug|Any CPU
		{A2813CB4-2250-A230-0BD0-1EEF3D597542}.Debug|Any CPU.Build.0 = Debug|Any CPU
		{A2813CB4-2250-A230-0BD0-1EEF3D597542}.Release|Any CPU.ActiveCfg = Release|Any CPU
		{A2813CB4-2250-A230-0BD0-1EEF3D597542}.Release|Any CPU.Build.0 = Release|Any CPU
	EndGlobalSection
	GlobalSection(SolutionProperties) = preSolution
		HideSolutionNode = FALSE
	EndGlobalSection
EndGlobal
